
Microsoft Visual Studio Solution File, Format Version 12.00
# Visual Studio Version 16
VisualStudioVersion = 16.0.30002.166
MinimumVisualStudioVersion = 10.0.40219.1
Project("{8BC9CEB8-8B4A-11D0-8D11-00A0C91BC942}") = "GLearning_1", "GLearning_1\GLearning_1.vcxproj", "{1BDC9C5F-68F5-44A7-BBD2-B29E7B7E6C62}"
EndProject
Global
	GlobalSection(SolutionConfigurationPlatforms) = preSolution
		Debug|x64 = Debug|x64
		Debug|x86 = Debug|x86
		Release|x64 = Release|x64
		Release|x86 = Release|x86
	EndGlobalSection
	GlobalSection(ProjectConfigurationPlatforms) = postSolution
		{1BDC9C5F-68F5-44A7-BBD2-B29E7B7E6C62}.Debug|x64.ActiveCfg = Debug|x64
		{1BDC9C5F-68F5-44A7-BBD2-B29E7B7E6C62}.Debug|x64.Build.0 = Debug|x64
		{1BDC9C5F-68F5-44A7-BBD2-B29E7B7E6C62}.Debug|x86.ActiveCfg = Debug|Win32
		{1BDC9C5F-68F5-44A7-BBD2-B29E7B7E6C62}.Debug|x86.Build.0 = Debug|Win32
		{1BDC9C5F-68F5-44A7-BBD2-B29E7B7E6C62}.Release|x64.ActiveCfg = Release|x64
		{1BDC9C5F-68F5-44A7-BBD2-B29E7B7E6C62}.Release|x64.Build.0 = Release|x64
		{1BDC9C5F-68F5-44A7-BBD2-B29E7B7E6C62}.Release|x86.ActiveCfg = Release|Win32
		{1BDC9C5F-68F5-44A7-BBD2-B29E7B7E6C62}.Release|x86.Build.0 = Release|Win32
	EndGlobalSection
	GlobalSection(SolutionProperties) = preSolution
		HideSolutionNode = FALSE
	EndGlobalSection
	GlobalSection(ExtensibilityGlobals) = postSolution
		SolutionGuid = {8DD0A083-DC00-4FEC-84FD-919665CD71D8}
	EndGlobalSection
EndGlobal
